
Microsoft Visual Studio Solution File, Format Version 12.00
# Visual Studio Version 17
VisualStudioVersion = 17.10.34928.147
MinimumVisualStudioVersion = 10.0.40219.1
Project("{FAE04EC0-301F-11D3-BF4B-00C04F79EFBC}") = "EjercicioClase1_RegistroUsuarios", "EjercicioClase1_RegistroUsuarios\EjercicioClase1_RegistroUsuarios.csproj", "{5DAE7AE7-B7C3-4A5D-95B7-0DAAB6A75D5D}"
EndProject
Global
	GlobalSection(SolutionConfigurationPlatforms) = preSolution
		Debug|Any CPU = Debug|Any CPU
		Release|Any CPU = Release|Any CPU
	EndGlobalSection
	GlobalSection(ProjectConfigurationPlatforms) = postSolution
		{5DAE7AE7-B7C3-4A5D-95B7-0DAAB6A75D5D}.Debug|Any CPU.ActiveCfg = Debug|Any CPU
		{5DAE7AE7-B7C3-4A5D-95B7-0DAAB6A75D5D}.Debug|Any CPU.Build.0 = Debug|Any CPU
		{5DAE7AE7-B7C3-4A5D-95B7-0DAAB6A75D5D}.Release|Any CPU.ActiveCfg = Release|Any CPU
		{5DAE7AE7-B7C3-4A5D-95B7-0DAAB6A75D5D}.Release|Any CPU.Build.0 = Release|Any CPU
	EndGlobalSection
	GlobalSection(SolutionProperties) = preSolution
		HideSolutionNode = FALSE
	EndGlobalSection
	GlobalSection(ExtensibilityGlobals) = postSolution
		SolutionGuid = {58E6E359-C2F3-4F94-B93B-5E807D20BEEF}
	EndGlobalSection
EndGlobal
